<Solution>
  <Configurations>
    <Platform Name="Any CPU" />
    <Platform Name="x64" />
    <Platform Name="x86" />
  </Configurations>
  <Folder Name="/examples/">
    <Project Path="examples/Brace.Examples/Brace.Examples.csproj" />
  </Folder>
  <Folder Name="/src/">
    <Project Path="src/Brace.csproj" />
  </Folder>
  <Folder Name="/tests/">
    <Project Path="tests/Brace.Tests/Brace.Tests.csproj" />
  </Folder>
</Solution>
